schema: '2.0'
stages:
  prepare_data:
    cmd: python src/data/make_dataset.py --raw_data data/raw/drones_v1 
      --processed_data data/processed/drones_dataset --classes airplane bird 
      drone --split 0.7 0.2 0.1
    deps:
    - path: data/raw/
      hash: md5
      md5: c188546abb223b669cbff042efdad033.dir
      size: 109602951
      nfiles: 6234
    - path: src/data/make_dataset.py
      hash: md5
      md5: 8a7d55b63352a0250083a67f7cb45246
      size: 3776
    outs:
    - path: data/processed/
      hash: md5
      md5: dfd1d8008c08d8a19a2058d0e605a6e5.dir
      size: 109590787
      nfiles: 6233
